{
  "name": "ngx-electron-titlebar",
  "version": "0.1.1",
  "lockfileVersion": 1,
  "requires": true,
  "dependencies": {
    "ngx-electron": {
      "version": "2.2.0",
      "resolved": "https://registry.npmjs.org/ngx-electron/-/ngx-electron-2.2.0.tgz",
      "integrity": "sha512-Yl7Dsnvp97k0XpIuiB54X7Ij2+zU5x0pCAYnN//VZ9tF7c6S3//OZ9dN9Et7p/zIjCV3Hg9vyw68dPJEZGk+LQ==",
      "requires": {
        "tslib": "^1.9.0"
      },
      "dependencies": {
        "tslib": {
          "version": "1.14.1",
          "resolved": "https://registry.npmjs.org/tslib/-/tslib-1.14.1.tgz",
          "integrity": "sha512-Xni35NKzjgMrwevysHTCArtLDpPvye8zV/0E4EyYn43P7/7qvQwPh9BGkHewbMulVntbigmcT7rdX3BNo9wRJg=="
        }
      }
    }
  }
}
